
Microsoft Visual Studio Solution File, Format Version 12.00
# Visual Studio Version 16
VisualStudioVersion = 17.0.31611.283
MinimumVisualStudioVersion = 10.0.40219.1
Project("{9A19103F-16F7-4668-BE54-9A1E7A4F7556}") = "MAUILocalhostHttpsClientFactory", "MAUILocalhostHttpsClientFactory\MAUILocalhostHttpsClientFactory.csproj", "{3C7DC99E-83F1-41FE-AB96-F5AFF4F43399}"
EndProject
Project("{FAE04EC0-301F-11D3-BF4B-00C04F79EFBC}") = "MAUILocalhostHttpsClientFactory.API", "MAUILocalhostHttpsClientFactory.API\MAUILocalhostHttpsClientFactory.API.csproj", "{03B9085D-16E1-411A-B6C7-640852789C38}"
EndProject
Global
	GlobalSection(SolutionConfigurationPlatforms) = preSolution
		Debug|Any CPU = Debug|Any CPU
		Release|Any CPU = Release|Any CPU
	EndGlobalSection
	GlobalSection(ProjectConfigurationPlatforms) = postSolution
		{3C7DC99E-83F1-41FE-AB96-F5AFF4F43399}.Debug|Any CPU.ActiveCfg = Debug|Any CPU
		{3C7DC99E-83F1-41FE-AB96-F5AFF4F43399}.Debug|Any CPU.Build.0 = Debug|Any CPU
		{3C7DC99E-83F1-41FE-AB96-F5AFF4F43399}.Debug|Any CPU.Deploy.0 = Debug|Any CPU
		{3C7DC99E-83F1-41FE-AB96-F5AFF4F43399}.Release|Any CPU.ActiveCfg = Release|Any CPU
		{3C7DC99E-83F1-41FE-AB96-F5AFF4F43399}.Release|Any CPU.Build.0 = Release|Any CPU
		{3C7DC99E-83F1-41FE-AB96-F5AFF4F43399}.Release|Any CPU.Deploy.0 = Release|Any CPU
		{03B9085D-16E1-411A-B6C7-640852789C38}.Debug|Any CPU.ActiveCfg = Debug|Any CPU
		{03B9085D-16E1-411A-B6C7-640852789C38}.Debug|Any CPU.Build.0 = Debug|Any CPU
		{03B9085D-16E1-411A-B6C7-640852789C38}.Release|Any CPU.ActiveCfg = Release|Any CPU
		{03B9085D-16E1-411A-B6C7-640852789C38}.Release|Any CPU.Build.0 = Release|Any CPU
	EndGlobalSection
	GlobalSection(SolutionProperties) = preSolution
		HideSolutionNode = FALSE
	EndGlobalSection
	GlobalSection(ExtensibilityGlobals) = postSolution
		SolutionGuid = {61F7FB11-1E47-470C-91E2-47F8143E1572}
	EndGlobalSection
EndGlobal
